<Solution>
  <Project Path="jfv-QSAgentChat/jfv-QSAgentChat.csproj" />
  <Project Path="jfv-QSModelChat/jfv-QSModelChat.csproj" />
  <Project Path="Test-CSApp/Test-CSApp.csproj" />
  <Project Path="tr-QSAgentChat/tr-QSAgentChat.csproj" />
  <Project Path="tr-QSCallAgentChat/tr-QSCallAgentChat.csproj" />
  <Project Path="tr-QSModelChat/tr-QSModelChat.csproj" />
</Solution>
